
Microsoft Visual Studio Solution File, Format Version 12.00
# Visual Studio Version 17
VisualStudioVersion = 17.9.34728.123
MinimumVisualStudioVersion = 10.0.40219.1
Project("{FAE04EC0-301F-11D3-BF4B-00C04F79EFBC}") = "PracticeApi", "PracticeApi\PracticeApi.csproj", "{1B350074-921C-468D-9E6D-56439BEDA330}"
EndProject
Global
	GlobalSection(SolutionConfigurationPlatforms) = preSolution
		Debug|Any CPU = Debug|Any CPU
		Release|Any CPU = Release|Any CPU
	EndGlobalSection
	GlobalSection(ProjectConfigurationPlatforms) = postSolution
		{1B350074-921C-468D-9E6D-56439BEDA330}.Debug|Any CPU.ActiveCfg = Debug|Any CPU
		{1B350074-921C-468D-9E6D-56439BEDA330}.Debug|Any CPU.Build.0 = Debug|Any CPU
		{1B350074-921C-468D-9E6D-56439BEDA330}.Release|Any CPU.ActiveCfg = Release|Any CPU
		{1B350074-921C-468D-9E6D-56439BEDA330}.Release|Any CPU.Build.0 = Release|Any CPU
	EndGlobalSection
	GlobalSection(SolutionProperties) = preSolution
		HideSolutionNode = FALSE
	EndGlobalSection
	GlobalSection(ExtensibilityGlobals) = postSolution
		SolutionGuid = {78688BBB-A8CC-4342-BC9D-66AAC8101B09}
	EndGlobalSection
EndGlobal
